# THIS IS AN AUTOGENERATED FILE. DO NOT EDIT THIS FILE DIRECTLY.
# yarn lockfile v1


"@babel/compat-data@^7.28.6":
  version "7.29.0"
  resolved "https://registry.yarnpkg.com/@babel/compat-data/-/compat-data-7.29.0.tgz#00d03e8c0ac24dd9be942c5370990cbe1f17d88d"
  integrity sha512-T1NCJqT/j9+cn8fvkt7jtwbLBfLC/1y1c7NtCeXFRgzGTsafi68MRv8yzkYSapBnFA6L3U2VSc02ciDzoAJhJg==

"@babel/helper-compilation-targets@^7.10.0":
  version "7.28.6"
  resolved "https://registry.yarnpkg.com/@babel/helper-compilation-targets/-/helper-compilation-targets-7.28.6.tgz#32c4a3f41f12ed1532179b108a4d746e105c2b25"
  integrity sha512-JYtls3hqi15fcx5GaSNL7SCTJ2MNmjrkHXg4FSpOA/grxK8KwyZ5bubHsCq8FXCkua6xhuaaBit+3b7+VZRfcA==
  dependencies:
    "@babel/compat-data" "^7.28.6"
    "@babel/helper-validator-option" "^7.27.1"
    browserslist "^4.24.0"
    lru-cache "^5.1.1"
    semver "^6.3.1"

"@babel/helper-validator-option@^7.27.1":
  version "7.27.1"
  resolved "https://registry.yarnpkg.com/@babel/helper-validator-option/-/helper-validator-option-7.27.1.tgz#fa52f5b1e7db1ab049445b421c4471303897702f"
  integrity sha512-YvjJow9FxbhFFKDSuFnVCe2WxXk1zWc22fFePVNEaWJEu8IrZVlda6N0uHwzZrUM1il7NC9Mlp4MaJYbYd9JSg==

baseline-browser-mapping@^2.10.44:
  version "2.11.21"
  resolved "https://registry.yarnpkg.com/baseline-browser-mapping/-/baseline-browser-mapping-2.11.21.tgz#99af73cb8e54007e4f5345e132278e26c2662f2c"
  integrity sha512-uh8vpY/1/YyFkunIDFH/12p7/7VdPKA1hejMVEbdkEaWnUz0Hesvx5EbiU6XxjyHZIOju+ZMbQJkRh+es3/spQ==

browserslist@^4.12.0, browserslist@^4.24.0:
  version "4.28.7"
  resolved "https://registry.yarnpkg.com/browserslist/-/browserslist-4.28.7.tgz#409046517fccd2e51cdc20f077454b7141184028"
  integrity sha512-JxV13hNrFxqjOc8alRbq9dK1MM79NEXYpma2B2J4wAtpWS5zIEIKqWPGCl7N4o7Uc7B7itylh7SuDujATRyyTw==
  dependencies:
    baseline-browser-mapping "^2.10.44"
    caniuse-lite "^1.0.30001806"
    electron-to-chromium "^1.5.393"
    node-releases "^2.0.51"
    update-browserslist-db "^1.2.3"

caniuse-db@1.0.30001035:
  version "1.0.30001035"
  resolved "https://registry.yarnpkg.com/caniuse-db/-/caniuse-db-1.0.30001035.tgz#3a182cab9d556a4a02d945f1f739e81c18e73bfa"
  integrity sha512-kLUON4XN3tq5Nwl7ZICDw+7/vMynSpRMVYDRkzLL31lgnpa6M2YXYdjst3h+xbzjMgdcveRTnRGE1h/1IcKK6A==

caniuse-lite@^1.0.30001806:
  version "1.0.30001810"
  resolved "https://registry.yarnpkg.com/caniuse-lite/-/caniuse-lite-1.0.30001810.tgz#4970b477dea3278374de9bc43aa8f5d39fc3cda2"
  integrity sha512-TITQPUkaz+aVk5GL6NhOdwk1aEaNTSDPsGFWrTuhKGtjTF70jL/Oht2W4c6rXUe5fu7Ie19VIahAXHIIiWWNeg==

electron-to-chromium@1.3.377:
  version "1.3.377"
  resolved "https://registry.yarnpkg.com/electron-to-chromium/-/electron-to-chromium-1.3.377.tgz#b49d420b36ee6c48b0cd3137bfc7fec75f369b2e"
  integrity sha512-cm2WzMKf/3dW5+hNANKm8GAW6SwIWOqLTJ6GPCD0Bbw1qJ9Wzm9nmx9M+byzSsgw8CdCv5fb/wzLFqVS5h6QrA==

electron-to-chromium@^1.5.393:
  version "1.5.422"
  resolved "https://registry.yarnpkg.com/electron-to-chromium/-/electron-to-chromium-1.5.422.tgz#e27fb1ca0e6bef612a647022e1469701fea9ee1f"
  integrity sha512-UvA/32XqrLDdZSn7Jllo1AYNcWji/G0d5M0GTViE7KoGBiMunw3a34Sb2KO4ZZyrSEhqsxFoVhWWJshdyfKqJA==

escalade@^3.2.0:
  version "3.2.0"
  resolved "https://registry.yarnpkg.com/escalade/-/escalade-3.2.0.tgz#011a3f69856ba189dffa7dc8fcce99d2a87903e5"
  integrity sha512-WUj2qlxaQtO4g6Pq5c29GTcWGDyd8itL8zTlipgECz3JesAiiOKotd8JU6otB3PACgG6xkJUyVhboMS+bje/jA==

invariant@^2.2.4:
  version "2.2.4"
  resolved "https://registry.yarnpkg.com/invariant/-/invariant-2.2.4.tgz#610f3c92c9359ce1db616e538008d23ff35158e6"
  integrity sha512-phJfQVBuaJM5raOpJjSfkiD6BpbCE4Ns//LaXl6wGYtUBY83nWS6Rf9tXm2e8VaK60JEjYldbPif/A2B1C2gNA==
  dependencies:
    loose-envify "^1.0.0"

"js-tokens@^3.0.0 || ^4.0.0":
  version "4.0.0"
  resolved "https://registry.yarnpkg.com/js-tokens/-/js-tokens-4.0.0.tgz#19203fb59991df98e3a287050d4647cdeaf32499"
  integrity sha512-RdJUflcE3cUzKiMqQgsCu06FPu9UdIJO0beYbPhHN4k6apgJtifcoCtT9bcxOpYBtpD2kCM6Sbzg4CausW/PKQ==

lodash@^4.17.15:
  version "4.18.1"
  resolved "https://registry.yarnpkg.com/lodash/-/lodash-4.18.1.tgz#ff2b66c1f6326d59513de2407bf881439812771c"
  integrity sha512-dMInicTPVE8d1e5otfwmmjlxkZoUpiVLwyeTdUsi/Caj/gfzzblBcCE5sRHV/AsjuCmxWrte2TNGSYuCeCq+0Q==

loose-envify@^1.0.0:
  version "1.4.0"
  resolved "https://registry.yarnpkg.com/loose-envify/-/loose-envify-1.4.0.tgz#71ee51fa7be4caec1a63839f7e682d8132d30caf"
  integrity sha512-lyuxPGr/Wfhrlem2CL/UcnUc1zcqKAImBDzukY7Y5F/yQiNdko6+fRLevlw1HgMySw7f611UIY408EtxRSoK3Q==
  dependencies:
    js-tokens "^3.0.0 || ^4.0.0"

lru-cache@^5.1.1:
  version "5.1.1"
  resolved "https://registry.yarnpkg.com/lru-cache/-/lru-cache-5.1.1.tgz#1da27e6710271947695daf6848e847f01d84b920"
  integrity sha512-KpNARQA3Iwv+jTA0utUVVbrh+Jlrr1Fv0e56GGzAFOXN7dk/FviaDW8LHmK52DlcH4WP2n6gI8vN1aesBFgo9w==
  dependencies:
    yallist "^3.0.2"

node-releases@^2.0.51:
  version "2.0.54"
  resolved "https://registry.yarnpkg.com/node-releases/-/node-releases-2.0.54.tgz#09af17d5647aa9f221ec5cf2becb95b68a981afe"
  integrity sha512-YHs7BmmcsdAI5Ozuf8JZo6PT0mv2GIWC9vMfvUC3dp65M8hn7Ux8CPL+2oBI7juNuj9d0ndhTcznq2ODBps9cQ==

picocolors@^1.1.1:
  version "1.1.1"
  resolved "https://registry.yarnpkg.com/picocolors/-/picocolors-1.1.1.tgz#3d321af3eab939b083c8f929a1d12cda81c26b6b"
  integrity sha512-xceH2snhtb5M9liqDsmEw56le376mTZkEX/jEb/RxNFyegNul7eNslCXP9FDj/Lcu0X8KEyMceP2ntpaHrDEVA==

semver@^5.5.0:
  version "5.7.2"
  resolved "https://registry.yarnpkg.com/semver/-/semver-5.7.2.tgz#48d55db737c3287cd4835e17fa13feace1c41ef8"
  integrity sha512-cBznnQ9KjJqU67B52RMC65CMarK2600WFnbkcaiwWq3xy/5haFJlshgnpjovMVJ+Hff49d8GEn0b87C5pDQ10g==

semver@^6.3.1:
  version "6.3.1"
  resolved "https://registry.yarnpkg.com/semver/-/semver-6.3.1.tgz#556d2ef8689146e46dcea4bfdd095f3434dffcb4"
  integrity sha512-BR7VvDCVHO+q2xBEWskxS6DJE1qRnb7DxzUrogb71CWoSficBxYsiAGd+Kl0mmq/MprG9yArRkyrQxTO6XjMzA==

update-browserslist-db@^1.2.3:
  version "1.2.3"
  resolved "https://registry.yarnpkg.com/update-browserslist-db/-/update-browserslist-db-1.2.3.tgz#64d76db58713136acbeb4c49114366cc6cc2e80d"
  integrity sha512-Js0m9cx+qOgDxo0eMiFGEueWztz+d4+M3rGlmKPT+T4IS/jP4ylw3Nwpu6cpTTP8R1MAC1kF4VbdLt3ARf209w==
  dependencies:
    escalade "^3.2.0"
    picocolors "^1.1.1"

yallist@^3.0.2:
  version "3.1.1"
  resolved "https://registry.yarnpkg.com/yallist/-/yallist-3.1.1.tgz#dbb7daf9bfd8bac9ab45ebf602b8cbad0d5d08fd"
  integrity sha512-a4UGQaWPH59mOXUYnAG2ewncQS4i4F43Tv3JoAM+s2VDAmS9NsK8GpDMLrCHPksFT7h3K6TOoUNn2pb7RoXx4g==
